{
  "name": "preact-root-fragment",
  "version": "0.2.0",
  "lockfileVersion": 3,
  "requires": true,
  "packages": {
    "": {
      "name": "preact-root-fragment",
      "version": "0.2.0",
      "license": "MIT",
      "devDependencies": {
        "preact": "^10.26.9"
      },
      "peerDependencies": {
        "preact": "10.x || 11.x"
      }
    },
    "node_modules/preact": {
      "version": "10.26.9",
      "resolved": "https://registry.npmjs.org/preact/-/preact-10.26.9.tgz",
      "integrity": "sha512-SSjF9vcnF27mJK1XyFMNJzFd5u3pQiATFqoaDy03XuN00u4ziveVVEGt5RKJrDR8MHE/wJo9Nnad56RLzS2RMA==",
      "dev": true,
      "license": "MIT",
      "funding": {
        "type": "opencollective",
        "url": "https://opencollective.com/preact"
      }
    }
  }
}
